
Microsoft Visual Studio Solution File, Format Version 12.00
# Visual Studio Version 16
VisualStudioVersion = 16.0.30011.22
MinimumVisualStudioVersion = 10.0.40219.1
Project("{9A19103F-16F7-4668-BE54-9A1E7A4F7556}") = "Calculator", "Calculator\Calculator.csproj", "{A63BB656-DB55-49F7-A511-345133739E18}"
EndProject
Project("{9A19103F-16F7-4668-BE54-9A1E7A4F7556}") = "CalculatorTester", "CalculatorTester\CalculatorTester.csproj", "{F88AF3B4-4AED-4361-81E0-7691AE017751}"
EndProject
Global
	GlobalSection(SolutionConfigurationPlatforms) = preSolution
		Debug|Any CPU = Debug|Any CPU
		Release|Any CPU = Release|Any CPU
	EndGlobalSection
	GlobalSection(ProjectConfigurationPlatforms) = postSolution
		{A63BB656-DB55-49F7-A511-345133739E18}.Debug|Any CPU.ActiveCfg = Debug|Any CPU
		{A63BB656-DB55-49F7-A511-345133739E18}.Debug|Any CPU.Build.0 = Debug|Any CPU
		{A63BB656-DB55-49F7-A511-345133739E18}.Release|Any CPU.ActiveCfg = Release|Any CPU
		{A63BB656-DB55-49F7-A511-345133739E18}.Release|Any CPU.Build.0 = Release|Any CPU
		{F88AF3B4-4AED-4361-81E0-7691AE017751}.Debug|Any CPU.ActiveCfg = Debug|Any CPU
		{F88AF3B4-4AED-4361-81E0-7691AE017751}.Debug|Any CPU.Build.0 = Debug|Any CPU
		{F88AF3B4-4AED-4361-81E0-7691AE017751}.Release|Any CPU.ActiveCfg = Release|Any CPU
		{F88AF3B4-4AED-4361-81E0-7691AE017751}.Release|Any CPU.Build.0 = Release|Any CPU
	EndGlobalSection
	GlobalSection(SolutionProperties) = preSolution
		HideSolutionNode = FALSE
	EndGlobalSection
	GlobalSection(ExtensibilityGlobals) = postSolution
		SolutionGuid = {D710E87B-0179-4C54-98EF-708B1A15EEA5}
	EndGlobalSection
EndGlobal
